
Microsoft Visual Studio Solution File, Format Version 12.00
# Visual Studio 15
VisualStudioVersion = 15.0.27004.2008
MinimumVisualStudioVersion = 10.0.40219.1
Project("{FAE04EC0-301F-11D3-BF4B-00C04F79EFBC}") = "FindYourNumber", "FindYourNumber\FindYourNumber.csproj", "{5B554162-EABD-4E4D-BB29-102DFBE2E005}"
EndProject
Global
	GlobalSection(SolutionConfigurationPlatforms) = preSolution
		Debug|Any CPU = Debug|Any CPU
		Release|Any CPU = Release|Any CPU
	EndGlobalSection
	GlobalSection(ProjectConfigurationPlatforms) = postSolution
		{5B554162-EABD-4E4D-BB29-102DFBE2E005}.Debug|Any CPU.ActiveCfg = Debug|Any CPU
		{5B554162-EABD-4E4D-BB29-102DFBE2E005}.Debug|Any CPU.Build.0 = Debug|Any CPU
		{5B554162-EABD-4E4D-BB29-102DFBE2E005}.Release|Any CPU.ActiveCfg = Release|Any CPU
		{5B554162-EABD-4E4D-BB29-102DFBE2E005}.Release|Any CPU.Build.0 = Release|Any CPU
	EndGlobalSection
	GlobalSection(SolutionProperties) = preSolution
		HideSolutionNode = FALSE
	EndGlobalSection
	GlobalSection(ExtensibilityGlobals) = postSolution
		SolutionGuid = {264F9C74-5BB1-4F5D-8D50-E263B1FDEA7D}
	EndGlobalSection
EndGlobal
