
Microsoft Visual Studio Solution File, Format Version 12.00
# Visual Studio 15
VisualStudioVersion = 15.0.27004.2008
MinimumVisualStudioVersion = 10.0.40219.1
Project("{FAE04EC0-301F-11D3-BF4B-00C04F79EFBC}") = "AlgorithmPrograms", "AlgorithmPrograms\AlgorithmPrograms.csproj", "{C1BE1CFA-8784-4F99-9763-DDB55F3B8539}"
EndProject
Global
	GlobalSection(SolutionConfigurationPlatforms) = preSolution
		Debug|Any CPU = Debug|Any CPU
		Release|Any CPU = Release|Any CPU
	EndGlobalSection
	GlobalSection(ProjectConfigurationPlatforms) = postSolution
		{C1BE1CFA-8784-4F99-9763-DDB55F3B8539}.Debug|Any CPU.ActiveCfg = Debug|Any CPU
		{C1BE1CFA-8784-4F99-9763-DDB55F3B8539}.Debug|Any CPU.Build.0 = Debug|Any CPU
		{C1BE1CFA-8784-4F99-9763-DDB55F3B8539}.Release|Any CPU.ActiveCfg = Release|Any CPU
		{C1BE1CFA-8784-4F99-9763-DDB55F3B8539}.Release|Any CPU.Build.0 = Release|Any CPU
	EndGlobalSection
	GlobalSection(SolutionProperties) = preSolution
		HideSolutionNode = FALSE
	EndGlobalSection
	GlobalSection(ExtensibilityGlobals) = postSolution
		SolutionGuid = {A733B292-4F7D-432F-90EB-885D8DE71F08}
	EndGlobalSection
EndGlobal
